<?xml version="1.0" encoding="utf-8"?>
<Project ToolsVersion="4.0" xmlns="http://schemas.microsoft.com/developer/msbuild/2003">
  <ItemGroup>
    <Filter Include="Source Files">
      <UniqueIdentifier>{4FC737F1-C7A5-4376-A066-2A32D752A2FF}</UniqueIdentifier>
      <Extensions>cpp;c;cc;cxx;c++;cppm;ixx;def;odl;idl;hpj;bat;asm;asmx</Extensions>
    </Filter>
    <Filter Include="Header Files">
      <UniqueIdentifier>{93995380-89BD-4b04-88EB-625FBE52EBFB}</UniqueIdentifier>
      <Extensions>h;hh;hpp;hxx;h++;hm;inl;inc;ipp;xsd</Extensions>
    </Filter>
    <Filter Include="Resource Files">
      <UniqueIdentifier>{67DA6AB6-F800-4c08-8B7A-83BB121AAD01}</UniqueIdentifier>
      <Extensions>rc;ico;cur;bmp;dlg;rc2;rct;bin;rgs;gif;jpg;jpeg;jpe;resx;tiff;tif;png;wav;mfcribbon-ms</Extensions>
    </Filter>
    <Filter Include="Header Files\Sequence">
      <UniqueIdentifier>{26eb9bb1-cf66-417f-ad5c-1d9b84dadbda}</UniqueIdentifier>
    </Filter>
    <Filter Include="Source Files\Sequence">
      <UniqueIdentifier>{40661197-8484-4593-aea4-ada28bc09db2}</UniqueIdentifier>
    </Filter>
  </ItemGroup>
  <ItemGroup>
    <ClInclude Include="Character.h">
      <Filter>Header Files</Filter>
    </ClInclude>
    <ClInclude Include="Weapon.h">
      <Filter>Header Files</Filter>
    </ClInclude>
    <ClInclude Include="Enemy.h">
      <Filter>Header Files</Filter>
    </ClInclude>
    <ClInclude Include="MenuSequence.h">
      <Filter>Header Files\Sequence</Filter>
    </ClInclude>
    <ClInclude Include="Sequence.h">
      <Filter>Header Files\Sequence</Filter>
    </ClInclude>
    <ClInclude Include="OptionSequence.h">
      <Filter>Header Files\Sequence</Filter>
    </ClInclude>
    <ClInclude Include="NewgameSequence.h">
      <Filter>Header Files\Sequence</Filter>
    </ClInclude>
  </ItemGroup>
  <ItemGroup>
    <ClCompile Include="Character.cpp">
      <Filter>Source Files</Filter>
    </ClCompile>
    <ClCompile Include="Weapon.cpp">
      <Filter>Source Files</Filter>
    </ClCompile>
    <ClCompile Include="Main.cpp">
      <Filter>Source Files</Filter>
    </ClCompile>
    <ClCompile Include="Enemy.cpp">
      <Filter>Source Files</Filter>
    </ClCompile>
    <ClCompile Include="GameManager.h">
      <Filter>Header Files</Filter>
    </ClCompile>
    <ClCompile Include="MenuSequence.cpp">
      <Filter>Source Files\Sequence</Filter>
    </ClCompile>
    <ClCompile Include="Sequence.cpp">
      <Filter>Source Files\Sequence</Filter>
    </ClCompile>
    <ClCompile Include="OptionSequence.cpp">
      <Filter>Source Files\Sequence</Filter>
    </ClCompile>
    <ClCompile Include="NewgameSequence.cpp">
      <Filter>Source Files\Sequence</Filter>
    </ClCompile>
  </ItemGroup>
</Project>